
Microsoft Visual Studio Solution File, Format Version 12.00
# Visual Studio Version 17
VisualStudioVersion = 17.10.34928.147
MinimumVisualStudioVersion = 10.0.40219.1
Project("{FAE04EC0-301F-11D3-BF4B-00C04F79EFBC}") = "ParentCOM", "ParentCOM\ParentCOM.csproj", "{5F19616F-E1C0-43FE-AC8F-43FF39DCFD98}"
EndProject
Project("{FAE04EC0-301F-11D3-BF4B-00C04F79EFBC}") = "InheritCOM", "InheritCOM\InheritCOM.csproj", "{39D248FC-6D75-4B43-8535-ABB8D603A3F2}"
EndProject
Global
	GlobalSection(SolutionConfigurationPlatforms) = preSolution
		Debug|Any CPU = Debug|Any CPU
		Debug|x86 = Debug|x86
		Release|Any CPU = Release|Any CPU
		Release|x86 = Release|x86
	EndGlobalSection
	GlobalSection(ProjectConfigurationPlatforms) = postSolution
		{5F19616F-E1C0-43FE-AC8F-43FF39DCFD98}.Debug|Any CPU.ActiveCfg = Debug|Any CPU
		{5F19616F-E1C0-43FE-AC8F-43FF39DCFD98}.Debug|Any CPU.Build.0 = Debug|Any CPU
		{5F19616F-E1C0-43FE-AC8F-43FF39DCFD98}.Debug|x86.ActiveCfg = Debug|x86
		{5F19616F-E1C0-43FE-AC8F-43FF39DCFD98}.Debug|x86.Build.0 = Debug|x86
		{5F19616F-E1C0-43FE-AC8F-43FF39DCFD98}.Release|Any CPU.ActiveCfg = Release|Any CPU
		{5F19616F-E1C0-43FE-AC8F-43FF39DCFD98}.Release|Any CPU.Build.0 = Release|Any CPU
		{5F19616F-E1C0-43FE-AC8F-43FF39DCFD98}.Release|x86.ActiveCfg = Release|x86
		{5F19616F-E1C0-43FE-AC8F-43FF39DCFD98}.Release|x86.Build.0 = Release|x86
		{39D248FC-6D75-4B43-8535-ABB8D603A3F2}.Debug|Any CPU.ActiveCfg = Debug|Any CPU
		{39D248FC-6D75-4B43-8535-ABB8D603A3F2}.Debug|Any CPU.Build.0 = Debug|Any CPU
		{39D248FC-6D75-4B43-8535-ABB8D603A3F2}.Debug|x86.ActiveCfg = Debug|x86
		{39D248FC-6D75-4B43-8535-ABB8D603A3F2}.Debug|x86.Build.0 = Debug|x86
		{39D248FC-6D75-4B43-8535-ABB8D603A3F2}.Release|Any CPU.ActiveCfg = Release|Any CPU
		{39D248FC-6D75-4B43-8535-ABB8D603A3F2}.Release|Any CPU.Build.0 = Release|Any CPU
		{39D248FC-6D75-4B43-8535-ABB8D603A3F2}.Release|x86.ActiveCfg = Release|x86
		{39D248FC-6D75-4B43-8535-ABB8D603A3F2}.Release|x86.Build.0 = Release|x86
	EndGlobalSection
	GlobalSection(SolutionProperties) = preSolution
		HideSolutionNode = FALSE
	EndGlobalSection
	GlobalSection(ExtensibilityGlobals) = postSolution
		SolutionGuid = {99714E07-E428-4C65-A2F1-3D9A096AE4FB}
	EndGlobalSection
EndGlobal
